
Microsoft Visual Studio Solution File, Format Version 12.00
# Visual Studio Version 16
VisualStudioVersion = 16.0.31112.23
MinimumVisualStudioVersion = 10.0.40219.1
Project("{FAE04EC0-301F-11D3-BF4B-00C04F79EFBC}") = "Employee.API", "Employee.API\Employee.API.csproj", "{69085234-1217-4E6A-B060-FACB7F32C4F0}"
EndProject
Project("{FAE04EC0-301F-11D3-BF4B-00C04F79EFBC}") = "EmployeeDAL", "Employee.DAL\EmployeeDAL.csproj", "{B267C7B7-6B01-40DF-8EF7-1E0F29B266CC}"
EndProject
Project("{FAE04EC0-301F-11D3-BF4B-00C04F79EFBC}") = "EmployeeBLL", "Employee.BLL\EmployeeBLL.csproj", "{F9EB5176-BC67-4CEB-BDC4-E8E8E2CD7EB4}"
EndProject
Global
	GlobalSection(SolutionConfigurationPlatforms) = preSolution
		Debug|Any CPU = Debug|Any CPU
		Release|Any CPU = Release|Any CPU
	EndGlobalSection
	GlobalSection(ProjectConfigurationPlatforms) = postSolution
		{69085234-1217-4E6A-B060-FACB7F32C4F0}.Debug|Any CPU.ActiveCfg = Debug|Any CPU
		{69085234-1217-4E6A-B060-FACB7F32C4F0}.Debug|Any CPU.Build.0 = Debug|Any CPU
		{69085234-1217-4E6A-B060-FACB7F32C4F0}.Release|Any CPU.ActiveCfg = Release|Any CPU
		{69085234-1217-4E6A-B060-FACB7F32C4F0}.Release|Any CPU.Build.0 = Release|Any CPU
		{B267C7B7-6B01-40DF-8EF7-1E0F29B266CC}.Debug|Any CPU.ActiveCfg = Debug|Any CPU
		{B267C7B7-6B01-40DF-8EF7-1E0F29B266CC}.Debug|Any CPU.Build.0 = Debug|Any CPU
		{B267C7B7-6B01-40DF-8EF7-1E0F29B266CC}.Release|Any CPU.ActiveCfg = Release|Any CPU
		{B267C7B7-6B01-40DF-8EF7-1E0F29B266CC}.Release|Any CPU.Build.0 = Release|Any CPU
		{F9EB5176-BC67-4CEB-BDC4-E8E8E2CD7EB4}.Debug|Any CPU.ActiveCfg = Debug|Any CPU
		{F9EB5176-BC67-4CEB-BDC4-E8E8E2CD7EB4}.Debug|Any CPU.Build.0 = Debug|Any CPU
		{F9EB5176-BC67-4CEB-BDC4-E8E8E2CD7EB4}.Release|Any CPU.ActiveCfg = Release|Any CPU
		{F9EB5176-BC67-4CEB-BDC4-E8E8E2CD7EB4}.Release|Any CPU.Build.0 = Release|Any CPU
	EndGlobalSection
	GlobalSection(SolutionProperties) = preSolution
		HideSolutionNode = FALSE
	EndGlobalSection
	GlobalSection(ExtensibilityGlobals) = postSolution
		SolutionGuid = {3029E2D8-25BF-4609-9D65-92C81B200390}
	EndGlobalSection
EndGlobal
